// !$*UTF8*$!
{
	archiveVersion = 1;
	classes = {
	};
	objectVersion = 46;
	objects = {

/* Begin PBXBuildFile section */
		BCCE50301AC647BA003FF6B2 /* main.m in Sources */ = {isa = PBXBuildFile; fileRef = BCCE502F1AC647BA003FF6B2 /* main.m */; };
		BCCE50331AC647BA003FF6B2 /* AppDelegate.m in Sources */ = {isa = PBXBuildFile; fileRef = BCCE50321AC647BA003FF6B2 /* AppDelegate.m */; };
		BCCE50361AC647BA003FF6B2 /* MasterViewController.m in Sources */ = {isa = PBXBuildFile; fileRef = BCCE50351AC647BA003FF6B2 /* MasterViewController.m */; };
		BCCE50391AC647BA003FF6B2 /* DetailViewController.m in Sources */ = {isa = PBXBuildFile; fileRef = BCCE50381AC647BA003FF6B2 /* DetailViewController.m */; };
		BCCE503C1AC647BA003FF6B2 /* Main.storyboard in Resources */ = {isa = PBXBuildFile; fileRef = BCCE503A1AC647BA003FF6B2 /* Main.storyboard */; };
		BCCE503E1AC647BA003FF6B2 /* Images.xcassets in Resources */ = {isa = PBXBuildFile; fileRef = BCCE503D1AC647BA003FF6B2 /* Images.xcassets */; };
		BCCE50411AC647BA003FF6B2 /* LaunchScreen.xib in Resources */ = {isa = PBXBuildFile; fileRef = BCCE503F1AC647BA003FF6B2 /* LaunchScreen.xib */; };
		BCCE504D1AC647BB003FF6B2 /* GitDemoTests.m in Sources */ = {isa = PBXBuildFile; fileRef = BCCE504C1AC647BB003FF6B2 /* GitDemoTests.m */; };
/* End PBXBuildFile section */

/* Begin PBXContainerItemProxy section */
		BCCE50471AC647BB003FF6B2 /* PBXContainerItemProxy */ = {
			isa = PBXContainerItemProxy;
			containerPortal = BCCE50221AC647BA003FF6B2 /* Project object */;
			proxyType = 1;
			remoteGlobalIDString = BCCE50291AC647BA003FF6B2;
			remoteInfo = GitDemo;
		};
/* End PBXContainerItemProxy section */

/* Begin PBXFileReference section */
		BCCE502A1AC647BA003FF6B2 /* GitDemo.app */ = {isa = PBXFileReference; explicitFileType = wrapper.application; includeInIndex = 0; path = GitDemo.app; sourceTree = BUILT_PRODUCTS_DIR; };
		BCCE502E1AC647BA003FF6B2 /* Info.plist */ = {isa = PBXFileReference; lastKnownFileType = text.plist.xml; path = Info.plist; sourceTree = "<group>"; };
		BCCE502F1AC647BA003FF6B2 /* main.m */ = {isa = PBXFileReference; lastKnownFileType = sourcecode.c.objc; path = main.m; sourceTree = "<group>"; };
		BCCE50311AC647BA003FF6B2 /* AppDelegate.h */ = {isa = PBXFileReference; lastKnownFileType = sourcecode.c.h; path = AppDelegate.h; sourceTree = "<group>"; };
		BCCE50321AC647BA003FF6B2 /* AppDelegate.m */ = {isa = PBXFileReference; lastKnownFileType = sourcecode.c.objc; path = AppDelegate.m; sourceTree = "<group>"; };
		BCCE50341AC647BA003FF6B2 /* MasterViewController.h */ = {isa = PBXFileReference; lastKnownFileType = sourcecode.c.h; path = MasterViewController.h; sourceTree = "<group>"; };
		BCCE50351AC647BA003FF6B2 /* MasterViewController.m */ = {isa = PBXFileReference; lastKnownFileType = sourcecode.c.objc; path = MasterViewController.m; sourceTree = "<group>"; };
		BCCE50371AC647BA003FF6B2 /* DetailViewController.h */ = {isa = PBXFileReference; lastKnownFileType = sourcecode.c.h; path = DetailViewController.h; sourceTree = "<group>"; };
		BCCE50381AC647BA003FF6B2 /* DetailViewController.m */ = {isa = PBXFileReference; lastKnownFileType = sourcecode.c.objc; path = DetailViewController.m; sourceTree = "<group>"; };
		BCCE503B1AC647BA003FF6B2 /* Base */ = {isa = PBXFileReference; lastKnownFileType = file.storyboard; name = Base; path = Base.lproj/Main.storyboard; sourceTree = "<group>"; };
		BCCE503D1AC647BA003FF6B2 /* Images.xcassets */ = {isa = PBXFileReference; lastKnownFileType = folder.assetcatalog; path = Images.xcassets; sourceTree = "<group>"; };
		BCCE50401AC647BA003FF6B2 /* Base */ = {isa = PBXFileReference; lastKnownFileType = file.xib; name = Base; path = Base.lproj/LaunchScreen.xib; sourceTree = "<group>"; };
		BCCE50461AC647BB003FF6B2 /* GitDemoTests.xctest */ = {isa = PBXFileReference; explicitFileType = wrapper.cfbundle; includeInIndex = 0; path = GitDemoTests.xctest; sourceTree = BUILT_PRODUCTS_DIR; };
		BCCE504B1AC647BB003FF6B2 /* Info.plist */ = {isa = PBXFileReference; lastKnownFileType = text.plist.xml; path = Info.plist; sourceTree = "<group>"; };
		BCCE504C1AC647BB003FF6B2 /* GitDemoTests.m */ = {isa = PBXFileReference; lastKnownFileType = sourcecode.c.objc; path = GitDemoTests.m; sourceTree = "<group>"; };
/* End PBXFileReference section */

/* Begin PBXFrameworksBuildPhase section */
		BCCE50271AC647BA003FF6B2 /* Frameworks */ = {
			isa = PBXFrameworksBuildPhase;
			buildActionMask = 2147483647;
			files = (
			);
			runOnlyForDeploymentPostprocessing = 0;
		};
		BCCE50431AC647BB003FF6B2 /* Frameworks */ = {
			isa = PBXFrameworksBuildPhase;
			buildActionMask = 2147483647;
			files = (
			);
			runOnlyForDeploymentPostprocessing = 0;
		};
/* End PBXFrameworksBuildPhase section */

/* Begin PBXGroup section */
		BCCE50211AC647BA003FF6B2 = {
			isa = PBXGroup;
			children = (
				BCCE502C1AC647BA003FF6B2 /* GitDemo */,
				BCCE50491AC647BB003FF6B2 /* GitDemoTests */,
				BCCE502B1AC647BA003FF6B2 /* Products */,
			);
			sourceTree = "<group>";
		};
		BCCE502B1AC647BA003FF6B2 /* Products */ = {
			isa = PBXGroup;
			children = (
				BCCE502A1AC647BA003FF6B2 /* GitDemo.app */,
				BCCE50461AC647BB003FF6B2 /* GitDemoTests.xctest */,
			);
			name = Products;
			sourceTree = "<group>";
		};
		BCCE502C1AC647BA003FF6B2 /* GitDemo */ = {
			isa = PBXGroup;
			children = (
				BCCE50311AC647BA003FF6B2 /* AppDelegate.h */,
				BCCE50321AC647BA003FF6B2 /* AppDelegate.m */,
				BCCE50341AC647BA003FF6B2 /* MasterViewController.h */,
				BCCE50351AC647BA003FF6B2 /* MasterViewController.m */,
				BCCE50371AC647BA003FF6B2 /* DetailViewController.h */,
				BCCE50381AC647BA003FF6B2 /* DetailViewController.m */,
				BCCE503A1AC647BA003FF6B2 /* Main.storyboard */,
				BCCE503D1AC647BA003FF6B2 /* Images.xcassets */,
				BCCE503F1AC647BA003FF6B2 /* LaunchScreen.xib */,
				BCCE502D1AC647BA003FF6B2 /* Supporting Files */,
			);
			path = GitDemo;
			sourceTree = "<group>";
		};
		BCCE502D1AC647BA003FF6B2 /* Supporting Files */ = {
			isa = PBXGroup;
			children = (
				BCCE502E1AC647BA003FF6B2 /* Info.plist */,
				BCCE502F1AC647BA003FF6B2 /* main.m */,
			);
			name = "Supporting Files";
			sourceTree = "<group>";
		};
		BCCE50491AC647BB003FF6B2 /* GitDemoTests */ = {
			isa = PBXGroup;
			children = (
				BCCE504C1AC647BB003FF6B2 /* GitDemoTests.m */,
				BCCE504A1AC647BB003FF6B2 /* Supporting Files */,
			);
			path = GitDemoTests;
			sourceTree = "<group>";
		};
		BCCE504A1AC647BB003FF6B2 /* Supporting Files */ = {
			isa = PBXGroup;
			children = (
				BCCE504B1AC647BB003FF6B2 /* Info.plist */,
			);
			name = "Supporting Files";
			sourceTree = "<group>";
		};
/* End PBXGroup section */

/* Begin PBXNativeTarget section */
		BCCE50291AC647BA003FF6B2 /* GitDemo */ = {
			isa = PBXNativeTarget;
			buildConfigurationList = BCCE50501AC647BB003FF6B2 /* Build configuration list for PBXNativeTarget "GitDemo" */;
			buildPhases = (
				BCCE50261AC647BA003FF6B2 /* Sources */,
				BCCE50271AC647BA003FF6B2 /* Frameworks */,
				BCCE50281AC647BA003FF6B2 /* Resources */,
			);
			buildRules = (
			);
			dependencies = (
			);
			name = GitDemo;
			productName = GitDemo;
			productReference = BCCE502A1AC647BA003FF6B2 /* GitDemo.app */;
			productType = "com.apple.product-type.application";
		};
		BCCE50451AC647BB003FF6B2 /* GitDemoTests */ = {
			isa = PBXNativeTarget;
			buildConfigurationList = BCCE50531AC647BB003FF6B2 /* Build configuration list for PBXNativeTarget "GitDemoTests" */;
			buildPhases = (
				BCCE50421AC647BB003FF6B2 /* Sources */,
				BCCE50431AC647BB003FF6B2 /* Frameworks */,
				BCCE50441AC647BB003FF6B2 /* Resources */,
			);
			buildRules = (
			);
			dependencies = (
				BCCE50481AC647BB003FF6B2 /* PBXTargetDependency */,
			);
			name = GitDemoTests;
			productName = GitDemoTests;
			productReference = BCCE50461AC647BB003FF6B2 /* GitDemoTests.xctest */;
			productType = "com.apple.product-type.bundle.unit-test";
		};
/* End PBXNativeTarget section */

/* Begin PBXProject section */
		BCCE50221AC647BA003FF6B2 /* Project object */ = {
			isa = PBXProject;
			attributes = {
				LastUpgradeCheck = 0610;
				ORGANIZATIONNAME = qianfeng;
				TargetAttributes = {
					BCCE50291AC647BA003FF6B2 = {
						CreatedOnToolsVersion = 6.1.1;
					};
					BCCE50451AC647BB003FF6B2 = {
						CreatedOnToolsVersion = 6.1.1;
						TestTargetID = BCCE50291AC647BA003FF6B2;
					};
				};
			};
			buildConfigurationList = BCCE50251AC647BA003FF6B2 /* Build configuration list for PBXProject "GitDemo" */;
			compatibilityVersion = "Xcode 3.2";
			developmentRegion = English;
			hasScannedForEncodings = 0;
			knownRegions = (
				en,
				Base,
			);
			mainGroup = BCCE50211AC647BA003FF6B2;
			productRefGroup = BCCE502B1AC647BA003FF6B2 /* Products */;
			projectDirPath = "";
			projectRoot = "";
			targets = (
				BCCE50291AC647BA003FF6B2 /* GitDemo */,
				BCCE50451AC647BB003FF6B2 /* GitDemoTests */,
			);
		};
/* End PBXProject section */

/* Begin PBXResourcesBuildPhase section */
		BCCE50281AC647BA003FF6B2 /* Resources */ = {
			isa = PBXResourcesBuildPhase;
			buildActionMask = 2147483647;
			files = (
				BCCE503C1AC647BA003FF6B2 /* Main.storyboard in Resources */,
				BCCE50411AC647BA003FF6B2 /* LaunchScreen.xib in Resources */,
				BCCE503E1AC647BA003FF6B2 /* Images.xcassets in Resources */,
			);
			runOnlyForDeploymentPostprocessing = 0;
		};
		BCCE50441AC647BB003FF6B2 /* Resources */ = {
			isa = PBXResourcesBuildPhase;
			buildActionMask = 2147483647;
			files = (
			);
			runOnlyForDeploymentPostprocessing = 0;
		};
/* End PBXResourcesBuildPhase section */

/* Begin PBXSourcesBuildPhase section */
		BCCE50261AC647BA003FF6B2 /* Sources */ = {
			isa = PBXSourcesBuildPhase;
			buildActionMask = 2147483647;
			files = (
				BCCE50331AC647BA003FF6B2 /* AppDelegate.m in Sources */,
				BCCE50361AC647BA003FF6B2 /* MasterViewController.m in Sources */,
				BCCE50301AC647BA003FF6B2 /* main.m in Sources */,
				BCCE50391AC647BA003FF6B2 /* DetailViewController.m in Sources */,
			);
			runOnlyForDeploymentPostprocessing = 0;
		};
		BCCE50421AC647BB003FF6B2 /* Sources */ = {
			isa = PBXSourcesBuildPhase;
			buildActionMask = 2147483647;
			files = (
				BCCE504D1AC647BB003FF6B2 /* GitDemoTests.m in Sources */,
			);
			runOnlyForDeploymentPostprocessing = 0;
		};
/* End PBXSourcesBuildPhase section */

/* Begin PBXTargetDependency section */
		BCCE50481AC647BB003FF6B2 /* PBXTargetDependency */ = {
			isa = PBXTargetDependency;
			target = BCCE50291AC647BA003FF6B2 /* GitDemo */;
			targetProxy = BCCE50471AC647BB003FF6B2 /* PBXContainerItemProxy */;
		};
/* End PBXTargetDependency section */

/* Begin PBXVariantGroup section */
		BCCE503A1AC647BA003FF6B2 /* Main.storyboard */ = {
			isa = PBXVariantGroup;
			children = (
				BCCE503B1AC647BA003FF6B2 /* Base */,
			);
			name = Main.storyboard;
			sourceTree = "<group>";
		};
		BCCE503F1AC647BA003FF6B2 /* LaunchScreen.xib */ = {
			isa = PBXVariantGroup;
			children = (
				BCCE50401AC647BA003FF6B2 /* Base */,
			);
			name = LaunchScreen.xib;
			sourceTree = "<group>";
		};
/* End PBXVariantGroup section */

/* Begin XCBuildConfiguration section */
		BCCE504E1AC647BB003FF6B2 /* Debug */ = {
			isa = XCBuildConfiguration;
			buildSettings = {
				ALWAYS_SEARCH_USER_PATHS = NO;
				CLANG_CXX_LANGUAGE_STANDARD = "gnu++0x";
				CLANG_CXX_LIBRARY = "libc++";
				CLANG_ENABLE_MODULES = YES;
				CLANG_ENABLE_OBJC_ARC = YES;
				CLANG_WARN_BOOL_CONVERSION = YES;
				CLANG_WARN_CONSTANT_CONVERSION = YES;
				CLANG_WARN_DIRECT_OBJC_ISA_USAGE = YES_ERROR;
				CLANG_WARN_EMPTY_BODY = YES;
				CLANG_WARN_ENUM_CONVERSION = YES;
				CLANG_WARN_INT_CONVERSION = YES;
				CLANG_WARN_OBJC_ROOT_CLASS = YES_ERROR;
				CLANG_WARN_UNREACHABLE_CODE = YES;
				CLANG_WARN__DUPLICATE_METHOD_MATCH = YES;
				"CODE_SIGN_IDENTITY[sdk=iphoneos*]" = "iPhone Developer";
				COPY_PHASE_STRIP = NO;
				ENABLE_STRICT_OBJC_MSGSEND = YES;
				GCC_C_LANGUAGE_STANDARD = gnu99;
				GCC_DYNAMIC_NO_PIC = NO;
				GCC_OPTIMIZATION_LEVEL = 0;
				GCC_PREPROCESSOR_DEFINITIONS = (
					"DEBUG=1",
					"$(inherited)",
				);
				GCC_SYMBOLS_PRIVATE_EXTERN = NO;
				GCC_WARN_64_TO_32_BIT_CONVERSION = YES;
				GCC_WARN_ABOUT_RETURN_TYPE = YES_ERROR;
				GCC_WARN_UNDECLARED_SELECTOR = YES;
				GCC_WARN_UNINITIALIZED_AUTOS = YES_AGGRESSIVE;
				GCC_WARN_UNUSED_FUNCTION = YES;
				GCC_WARN_UNUSED_VARIABLE = YES;
				IPHONEOS_DEPLOYMENT_TARGET = 8.1;
				MTL_ENABLE_DEBUG_INFO = YES;
				ONLY_ACTIVE_ARCH = YES;
				SDKROOT = iphoneos;
				TARGETED_DEVICE_FAMILY = "1,2";
			};
			name = Debug;
		};
		BCCE504F1AC647BB003FF6B2 /* Release */ = {
			isa = XCBuildConfiguration;
			buildSettings = {
				ALWAYS_SEARCH_USER_PATHS = NO;
				CLANG_CXX_LANGUAGE_STANDARD = "gnu++0x";
				CLANG_CXX_LIBRARY = "libc++";
				CLANG_ENABLE_MODULES = YES;
				CLANG_ENABLE_OBJC_ARC = YES;
				CLANG_WARN_BOOL_CONVERSION = YES;
				CLANG_WARN_CONSTANT_CONVERSION = YES;
				CLANG_WARN_DIRECT_OBJC_ISA_USAGE = YES_ERROR;
				CLANG_WARN_EMPTY_BODY = YES;
				CLANG_WARN_ENUM_CONVERSION = YES;
				CLANG_WARN_INT_CONVERSION = YES;
				CLANG_WARN_OBJC_ROOT_CLASS = YES_ERROR;
				CLANG_WARN_UNREACHABLE_CODE = YES;
				CLANG_WARN__DUPLICATE_METHOD_MATCH = YES;
				"CODE_SIGN_IDENTITY[sdk=iphoneos*]" = "iPhone Developer";
				COPY_PHASE_STRIP = YES;
				ENABLE_NS_ASSERTIONS = NO;
				ENABLE_STRICT_OBJC_MSGSEND = YES;
				GCC_C_LANGUAGE_STANDARD = gnu99;
				GCC_WARN_64_TO_32_BIT_CONVERSION = YES;
				GCC_WARN_ABOUT_RETURN_TYPE = YES_ERROR;
				GCC_WARN_UNDECLARED_SELECTOR = YES;
				GCC_WARN_UNINITIALIZED_AUTOS = YES_AGGRESSIVE;
				GCC_WARN_UNUSED_FUNCTION = YES;
				GCC_WARN_UNUSED_VARIABLE = YES;
				IPHONEOS_DEPLOYMENT_TARGET = 8.1;
				MTL_ENABLE_DEBUG_INFO = NO;
				SDKROOT = iphoneos;
				TARGETED_DEVICE_FAMILY = "1,2";
				VALIDATE_PRODUCT = YES;
			};
			name = Release;
		};
		BCCE50511AC647BB003FF6B2 /* Debug */ = {
			isa = XCBuildConfiguration;
			buildSettings = {
				ASSETCATALOG_COMPILER_APPICON_NAME = AppIcon;
				INFOPLIST_FILE = GitDemo/Info.plist;
				LD_RUNPATH_SEARCH_PATHS = "$(inherited) @executable_path/Frameworks";
				PRODUCT_NAME = "$(TARGET_NAME)";
			};
			name = Debug;
		};
		BCCE50521AC647BB003FF6B2 /* Release */ = {
			isa = XCBuildConfiguration;
			buildSettings = {
				ASSETCATALOG_COMPILER_APPICON_NAME = AppIcon;
				INFOPLIST_FILE = GitDemo/Info.plist;
				LD_RUNPATH_SEARCH_PATHS = "$(inherited) @executable_path/Frameworks";
				PRODUCT_NAME = "$(TARGET_NAME)";
			};
			name = Release;
		};
		BCCE50541AC647BB003FF6B2 /* Debug */ = {
			isa = XCBuildConfiguration;
			buildSettings = {
				BUNDLE_LOADER = "$(TEST_HOST)";
				FRAMEWORK_SEARCH_PATHS = (
					"$(SDKROOT)/Developer/Library/Frameworks",
					"$(inherited)",
				);
				GCC_PREPROCESSOR_DEFINITIONS = (
					"DEBUG=1",
					"$(inherited)",
				);
				INFOPLIST_FILE = GitDemoTests/Info.plist;
				LD_RUNPATH_SEARCH_PATHS = "$(inherited) @executable_path/Frameworks @loader_path/Frameworks";
				PRODUCT_NAME = "$(TARGET_NAME)";
				TEST_HOST = "$(BUILT_PRODUCTS_DIR)/GitDemo.app/GitDemo";
			};
			name = Debug;
		};
		BCCE50551AC647BB003FF6B2 /* Release */ = {
			isa = XCBuildConfiguration;
			buildSettings = {
				BUNDLE_LOADER = "$(TEST_HOST)";
				FRAMEWORK_SEARCH_PATHS = (
					"$(SDKROOT)/Developer/Library/Frameworks",
					"$(inherited)",
				);
				INFOPLIST_FILE = GitDemoTests/Info.plist;
				LD_RUNPATH_SEARCH_PATHS = "$(inherited) @executable_path/Frameworks @loader_path/Frameworks";
				PRODUCT_NAME = "$(TARGET_NAME)";
				TEST_HOST = "$(BUILT_PRODUCTS_DIR)/GitDemo.app/GitDemo";
			};
			name = Release;
		};
/* End XCBuildConfiguration section */

/* Begin XCConfigurationList section */
		BCCE50251AC647BA003FF6B2 /* Build configuration list for PBXProject "GitDemo" */ = {
			isa = XCConfigurationList;
			buildConfigurations = (
				BCCE504E1AC647BB003FF6B2 /* Debug */,
				BCCE504F1AC647BB003FF6B2 /* Release */,
			);
			defaultConfigurationIsVisible = 0;
			defaultConfigurationName = Release;
		};
		BCCE50501AC647BB003FF6B2 /* Build configuration list for PBXNativeTarget "GitDemo" */ = {
			isa = XCConfigurationList;
			buildConfigurations = (
				BCCE50511AC647BB003FF6B2 /* Debug */,
				BCCE50521AC647BB003FF6B2 /* Release */,
			);
			defaultConfigurationIsVisible = 0;
		};
		BCCE50531AC647BB003FF6B2 /* Build configuration list for PBXNativeTarget "GitDemoTests" */ = {
			isa = XCConfigurationList;
			buildConfigurations = (
				BCCE50541AC647BB003FF6B2 /* Debug */,
				BCCE50551AC647BB003FF6B2 /* Release */,
			);
			defaultConfigurationIsVisible = 0;
		};
/* End XCConfigurationList section */
	};
	rootObject = BCCE50221AC647BA003FF6B2 /* Project object */;
}
